
Microsoft Visual Studio Solution File, Format Version 11.00
# Visual Studio 2010
Project("{8BC9CEB8-8B4A-11D0-8D11-00A0C91BC942}") = "h264_player", "h264_player\h264_player.vcxproj", "{2C01B27A-E9E7-4146-9E8B-E1B7E8D08615}"
EndProject
Global
	GlobalSection(SolutionConfigurationPlatforms) = preSolution
		Debug|Win32 = Debug|Win32
		Release|Win32 = Release|Win32
	EndGlobalSection
	GlobalSection(ProjectConfigurationPlatforms) = postSolution
		{2C01B27A-E9E7-4146-9E8B-E1B7E8D08615}.Debug|Win32.ActiveCfg = Debug|Win32
		{2C01B27A-E9E7-4146-9E8B-E1B7E8D08615}.Debug|Win32.Build.0 = Debug|Win32
		{2C01B27A-E9E7-4146-9E8B-E1B7E8D08615}.Release|Win32.ActiveCfg = Release|Win32
		{2C01B27A-E9E7-4146-9E8B-E1B7E8D08615}.Release|Win32.Build.0 = Release|Win32
	EndGlobalSection
	GlobalSection(SolutionProperties) = preSolution
		HideSolutionNode = FALSE
	EndGlobalSection
EndGlobal
